
Microsoft Visual Studio Solution File, Format Version 12.00
# Visual Studio Version 16
VisualStudioVersion = 16.0.30128.74
MinimumVisualStudioVersion = 10.0.40219.1
Project("{FAE04EC0-301F-11D3-BF4B-00C04F79EFBC}") = "MFlashWebOutlookAddin", "MFlashWebOutlookAddin.csproj", "{43058C28-A21F-49B4-B7FF-997B8BA40775}"
EndProject
Project("{FAE04EC0-301F-11D3-BF4B-00C04F79EFBC}") = "MFlashWebOutlookAddinWeb", "..\MFlashWebOutlookAddinWeb\MFlashWebOutlookAddinWeb.csproj", "{2BA70CBF-48B1-4B16-A057-36353CB133C1}"
EndProject
Global
	GlobalSection(SolutionConfigurationPlatforms) = preSolution
		Debug|Any CPU = Debug|Any CPU
		Release|Any CPU = Release|Any CPU
	EndGlobalSection
	GlobalSection(ProjectConfigurationPlatforms) = postSolution
		{43058C28-A21F-49B4-B7FF-997B8BA40775}.Debug|Any CPU.ActiveCfg = Debug|Any CPU
		{43058C28-A21F-49B4-B7FF-997B8BA40775}.Debug|Any CPU.Build.0 = Debug|Any CPU
		{43058C28-A21F-49B4-B7FF-997B8BA40775}.Debug|Any CPU.Deploy.0 = Debug|Any CPU
		{43058C28-A21F-49B4-B7FF-997B8BA40775}.Release|Any CPU.ActiveCfg = Release|Any CPU
		{43058C28-A21F-49B4-B7FF-997B8BA40775}.Release|Any CPU.Build.0 = Release|Any CPU
		{43058C28-A21F-49B4-B7FF-997B8BA40775}.Release|Any CPU.Deploy.0 = Release|Any CPU
		{2BA70CBF-48B1-4B16-A057-36353CB133C1}.Debug|Any CPU.ActiveCfg = Debug|Any CPU
		{2BA70CBF-48B1-4B16-A057-36353CB133C1}.Debug|Any CPU.Build.0 = Debug|Any CPU
		{2BA70CBF-48B1-4B16-A057-36353CB133C1}.Release|Any CPU.ActiveCfg = Release|Any CPU
		{2BA70CBF-48B1-4B16-A057-36353CB133C1}.Release|Any CPU.Build.0 = Release|Any CPU
	EndGlobalSection
	GlobalSection(SolutionProperties) = preSolution
		HideSolutionNode = FALSE
	EndGlobalSection
	GlobalSection(ExtensibilityGlobals) = postSolution
		SolutionGuid = {F606E45D-E195-437C-B15D-3063CB2F9D58}
	EndGlobalSection
EndGlobal
